
Microsoft Visual Studio Solution File, Format Version 12.00
# Visual Studio Version 16
VisualStudioVersion = 16.0.31613.86
MinimumVisualStudioVersion = 10.0.40219.1
Project("{FAE04EC0-301F-11D3-BF4B-00C04F79EFBC}") = "Participation", "Participation\Participation.csproj", "{9E5456EC-DDE8-43D1-A729-801C8D3C24F9}"
EndProject
Global
	GlobalSection(SolutionConfigurationPlatforms) = preSolution
		Debug|Any CPU = Debug|Any CPU
		Release|Any CPU = Release|Any CPU
	EndGlobalSection
	GlobalSection(ProjectConfigurationPlatforms) = postSolution
		{9E5456EC-DDE8-43D1-A729-801C8D3C24F9}.Debug|Any CPU.ActiveCfg = Debug|Any CPU
		{9E5456EC-DDE8-43D1-A729-801C8D3C24F9}.Debug|Any CPU.Build.0 = Debug|Any CPU
		{9E5456EC-DDE8-43D1-A729-801C8D3C24F9}.Release|Any CPU.ActiveCfg = Release|Any CPU
		{9E5456EC-DDE8-43D1-A729-801C8D3C24F9}.Release|Any CPU.Build.0 = Release|Any CPU
	EndGlobalSection
	GlobalSection(SolutionProperties) = preSolution
		HideSolutionNode = FALSE
	EndGlobalSection
	GlobalSection(ExtensibilityGlobals) = postSolution
		SolutionGuid = {382B62A3-58DE-4B5D-B656-5CB2B07F69DC}
	EndGlobalSection
EndGlobal
